
Microsoft Visual Studio Solution File, Format Version 12.00
# Visual Studio Version 17
VisualStudioVersion = 17.0.31919.166
MinimumVisualStudioVersion = 10.0.40219.1
Project("{FAE04EC0-301F-11D3-BF4B-00C04F79EFBC}") = "DataStructures", "DataStructures.csproj", "{FE18119B-4392-4622-AFA5-7F410B8E1B0A}"
EndProject
Global
	GlobalSection(SolutionConfigurationPlatforms) = preSolution
		Debug|Any CPU = Debug|Any CPU
		Release|Any CPU = Release|Any CPU
	EndGlobalSection
	GlobalSection(ProjectConfigurationPlatforms) = postSolution
		{FE18119B-4392-4622-AFA5-7F410B8E1B0A}.Debug|Any CPU.ActiveCfg = Debug|Any CPU
		{FE18119B-4392-4622-AFA5-7F410B8E1B0A}.Debug|Any CPU.Build.0 = Debug|Any CPU
		{FE18119B-4392-4622-AFA5-7F410B8E1B0A}.Release|Any CPU.ActiveCfg = Release|Any CPU
		{FE18119B-4392-4622-AFA5-7F410B8E1B0A}.Release|Any CPU.Build.0 = Release|Any CPU
	EndGlobalSection
	GlobalSection(SolutionProperties) = preSolution
		HideSolutionNode = FALSE
	EndGlobalSection
	GlobalSection(ExtensibilityGlobals) = postSolution
		SolutionGuid = {CC6897D3-C17B-41A5-9702-58326C54F3CE}
	EndGlobalSection
EndGlobal
